
Microsoft Visual Studio Solution File, Format Version 12.00
# Visual Studio Version 17
VisualStudioVersion = 17.11.35312.102
MinimumVisualStudioVersion = 10.0.40219.1
Project("{9A19103F-16F7-4668-BE54-9A1E7A4F7556}") = "NeurolepticAppV3", "NeurolepticAppV3\NeurolepticAppV3.csproj", "{5991297B-17DD-4EB5-847F-FE7BD9C17826}"
EndProject
Global
	GlobalSection(SolutionConfigurationPlatforms) = preSolution
		Debug|Any CPU = Debug|Any CPU
		Release|Any CPU = Release|Any CPU
	EndGlobalSection
	GlobalSection(ProjectConfigurationPlatforms) = postSolution
		{5991297B-17DD-4EB5-847F-FE7BD9C17826}.Debug|Any CPU.ActiveCfg = Debug|Any CPU
		{5991297B-17DD-4EB5-847F-FE7BD9C17826}.Debug|Any CPU.Build.0 = Debug|Any CPU
		{5991297B-17DD-4EB5-847F-FE7BD9C17826}.Debug|Any CPU.Deploy.0 = Debug|Any CPU
		{5991297B-17DD-4EB5-847F-FE7BD9C17826}.Release|Any CPU.ActiveCfg = Debug|Any CPU
		{5991297B-17DD-4EB5-847F-FE7BD9C17826}.Release|Any CPU.Build.0 = Debug|Any CPU
		{5991297B-17DD-4EB5-847F-FE7BD9C17826}.Release|Any CPU.Deploy.0 = Debug|Any CPU
	EndGlobalSection
	GlobalSection(SolutionProperties) = preSolution
		HideSolutionNode = FALSE
	EndGlobalSection
	GlobalSection(ExtensibilityGlobals) = postSolution
		SolutionGuid = {ACCC3E7A-1CB9-49DF-B08B-637A5BAC838D}
	EndGlobalSection
EndGlobal
